github.com/gford1000-go/serialise v0.0.0-20250219193840-75550372d3e4 h1:GURx7S/e9+jzqJzx30kXa5upi6X8uJ+pCJV1iexUNhE=
github.com/gford1000-go/serialise v0.0.0-20250219193840-75550372d3e4/go.mod h1:+P7vL58+Kzbgl8mVDlAnJ05wxhO7IU8VVGVug/M9pMM=
github.com/gford1000-go/serialise v0.0.0-20250223103704-1bfeeaa8e26e h1:0Kn06vFMDsRSrVstsTbvw/1ynMVRVgvgH26Xh8ry20M=
github.com/gford1000-go/serialise v0.0.0-20250223103704-1bfeeaa8e26e/go.mod h1:+P7vL58+Kzbgl8mVDlAnJ05wxhO7IU8VVGVug/M9pMM=
